<?xml version="1.0" encoding="utf-8"?>
<Project ToolsVersion="4.0" xmlns="http://schemas.microsoft.com/developer/msbuild/2003">
  <ItemGroup>
    <Filter Include="src">
      <UniqueIdentifier>{cd7d2c8a-19c4-4a35-9f80-1600d6444e82}</UniqueIdentifier>
    </Filter>
  </ItemGroup>
  <ItemGroup>
    <ClCompile Include="main.cpp">
      <Filter>src</Filter>
    </ClCompile>
    <ClCompile Include="..\libs\src\glad.c">
      <Filter>src</Filter>
    </ClCompile>
    <ClCompile Include="Shader.cpp">
      <Filter>src</Filter>
    </ClCompile>
    <ClCompile Include="Camera.cpp">
      <Filter>src</Filter>
    </ClCompile>
  </ItemGroup>
  <ItemGroup>
    <ClInclude Include="Shader.h">
      <Filter>src</Filter>
    </ClInclude>
    <ClInclude Include="Camera.h">
      <Filter>src</Filter>
    </ClInclude>
    <ClInclude Include="stb_image.h">
      <Filter>src</Filter>
    </ClInclude>
    <ClInclude Include="Vertices.h">
      <Filter>src</Filter>
    </ClInclude>
  </ItemGroup>
</Project>